
Microsoft Visual Studio Solution File, Format Version 12.00
# Visual Studio Version 17
VisualStudioVersion = 17.10.34928.147
MinimumVisualStudioVersion = 10.0.40219.1
Project("{FAE04EC0-301F-11D3-BF4B-00C04F79EFBC}") = "QuoteServer", "Quote\QuoteServer.csproj", "{8ABC99D5-7F51-4792-B79B-CC152D9F175C}"
EndProject
Project("{FAE04EC0-301F-11D3-BF4B-00C04F79EFBC}") = "QuoteClient", "QuoteClient\QuoteClient.csproj", "{C852B6AB-0DED-4C03-A42D-FAC432818B40}"
EndProject
Global
	GlobalSection(SolutionConfigurationPlatforms) = preSolution
		Debug|Any CPU = Debug|Any CPU
		Release|Any CPU = Release|Any CPU
	EndGlobalSection
	GlobalSection(ProjectConfigurationPlatforms) = postSolution
		{8ABC99D5-7F51-4792-B79B-CC152D9F175C}.Debug|Any CPU.ActiveCfg = Debug|Any CPU
		{8ABC99D5-7F51-4792-B79B-CC152D9F175C}.Debug|Any CPU.Build.0 = Debug|Any CPU
		{8ABC99D5-7F51-4792-B79B-CC152D9F175C}.Release|Any CPU.ActiveCfg = Release|Any CPU
		{8ABC99D5-7F51-4792-B79B-CC152D9F175C}.Release|Any CPU.Build.0 = Release|Any CPU
		{C852B6AB-0DED-4C03-A42D-FAC432818B40}.Debug|Any CPU.ActiveCfg = Debug|Any CPU
		{C852B6AB-0DED-4C03-A42D-FAC432818B40}.Debug|Any CPU.Build.0 = Debug|Any CPU
		{C852B6AB-0DED-4C03-A42D-FAC432818B40}.Release|Any CPU.ActiveCfg = Release|Any CPU
		{C852B6AB-0DED-4C03-A42D-FAC432818B40}.Release|Any CPU.Build.0 = Release|Any CPU
	EndGlobalSection
	GlobalSection(SolutionProperties) = preSolution
		HideSolutionNode = FALSE
	EndGlobalSection
	GlobalSection(ExtensibilityGlobals) = postSolution
		SolutionGuid = {62B307DB-C7FB-48FF-B614-1C5394F6147A}
	EndGlobalSection
EndGlobal
